
Microsoft Visual Studio Solution File, Format Version 12.00
# Visual Studio Version 17
VisualStudioVersion = 17.13.35931.197 d17.13
MinimumVisualStudioVersion = 10.0.40219.1
Project("{FAE04EC0-301F-11D3-BF4B-00C04F79EFBC}") = "HW3.1", "HW3.1\HW3.1.csproj", "{3DC60365-10C1-43FB-89AC-BEC8FF2A8AEB}"
EndProject
Project("{FAE04EC0-301F-11D3-BF4B-00C04F79EFBC}") = "HW3.2", "HW3.2\HW3.2.csproj", "{92D2DBD9-420B-4486-93FD-DDD92B9D0583}"
EndProject
Global
	GlobalSection(SolutionConfigurationPlatforms) = preSolution
		Debug|Any CPU = Debug|Any CPU
		Release|Any CPU = Release|Any CPU
	EndGlobalSection
	GlobalSection(ProjectConfigurationPlatforms) = postSolution
		{3DC60365-10C1-43FB-89AC-BEC8FF2A8AEB}.Debug|Any CPU.ActiveCfg = Debug|Any CPU
		{3DC60365-10C1-43FB-89AC-BEC8FF2A8AEB}.Debug|Any CPU.Build.0 = Debug|Any CPU
		{3DC60365-10C1-43FB-89AC-BEC8FF2A8AEB}.Release|Any CPU.ActiveCfg = Release|Any CPU
		{3DC60365-10C1-43FB-89AC-BEC8FF2A8AEB}.Release|Any CPU.Build.0 = Release|Any CPU
		{92D2DBD9-420B-4486-93FD-DDD92B9D0583}.Debug|Any CPU.ActiveCfg = Debug|Any CPU
		{92D2DBD9-420B-4486-93FD-DDD92B9D0583}.Debug|Any CPU.Build.0 = Debug|Any CPU
		{92D2DBD9-420B-4486-93FD-DDD92B9D0583}.Release|Any CPU.ActiveCfg = Release|Any CPU
		{92D2DBD9-420B-4486-93FD-DDD92B9D0583}.Release|Any CPU.Build.0 = Release|Any CPU
	EndGlobalSection
	GlobalSection(SolutionProperties) = preSolution
		HideSolutionNode = FALSE
	EndGlobalSection
	GlobalSection(ExtensibilityGlobals) = postSolution
		SolutionGuid = {CE74D479-31AD-4E42-A101-94A955C26DA9}
	EndGlobalSection
EndGlobal
