
Microsoft Visual Studio Solution File, Format Version 12.00
# Visual Studio Version 17
VisualStudioVersion = 17.14.36221.1 d17.14
MinimumVisualStudioVersion = 10.0.40219.1
Project("{FAE04EC0-301F-11D3-BF4B-00C04F79EFBC}") = "HW13", "HW13\HW13.csproj", "{6130A0C9-5D58-4C31-8780-2366E5DC5CAD}"
EndProject
Global
	GlobalSection(SolutionConfigurationPlatforms) = preSolution
		Debug|Any CPU = Debug|Any CPU
		Release|Any CPU = Release|Any CPU
	EndGlobalSection
	GlobalSection(ProjectConfigurationPlatforms) = postSolution
		{6130A0C9-5D58-4C31-8780-2366E5DC5CAD}.Debug|Any CPU.ActiveCfg = Debug|Any CPU
		{6130A0C9-5D58-4C31-8780-2366E5DC5CAD}.Debug|Any CPU.Build.0 = Debug|Any CPU
		{6130A0C9-5D58-4C31-8780-2366E5DC5CAD}.Release|Any CPU.ActiveCfg = Release|Any CPU
		{6130A0C9-5D58-4C31-8780-2366E5DC5CAD}.Release|Any CPU.Build.0 = Release|Any CPU
	EndGlobalSection
	GlobalSection(SolutionProperties) = preSolution
		HideSolutionNode = FALSE
	EndGlobalSection
	GlobalSection(ExtensibilityGlobals) = postSolution
		SolutionGuid = {9F430922-B78C-4472-A3BA-6CD11C42B5C9}
	EndGlobalSection
EndGlobal
